
Microsoft Visual Studio Solution File, Format Version 12.00
# Visual Studio Version 17
VisualStudioVersion = 17.2.32602.215
MinimumVisualStudioVersion = 10.0.40219.1
Project("{FAE04EC0-301F-11D3-BF4B-00C04F79EFBC}") = "POO", "POO\POO.csproj", "{AF1A7772-F10C-4B2F-9F54-028AE1F03778}"
EndProject
Global
	GlobalSection(SolutionConfigurationPlatforms) = preSolution
		Debug|Any CPU = Debug|Any CPU
		Release|Any CPU = Release|Any CPU
	EndGlobalSection
	GlobalSection(ProjectConfigurationPlatforms) = postSolution
		{AF1A7772-F10C-4B2F-9F54-028AE1F03778}.Debug|Any CPU.ActiveCfg = Debug|Any CPU
		{AF1A7772-F10C-4B2F-9F54-028AE1F03778}.Debug|Any CPU.Build.0 = Debug|Any CPU
		{AF1A7772-F10C-4B2F-9F54-028AE1F03778}.Release|Any CPU.ActiveCfg = Release|Any CPU
		{AF1A7772-F10C-4B2F-9F54-028AE1F03778}.Release|Any CPU.Build.0 = Release|Any CPU
	EndGlobalSection
	GlobalSection(SolutionProperties) = preSolution
		HideSolutionNode = FALSE
	EndGlobalSection
	GlobalSection(ExtensibilityGlobals) = postSolution
		SolutionGuid = {A8F03786-1431-431A-914D-01EB95032D93}
	EndGlobalSection
EndGlobal
